
Microsoft Visual Studio Solution File, Format Version 12.00
# Visual Studio 14
VisualStudioVersion = 14.0.25123.0
MinimumVisualStudioVersion = 10.0.40219.1
Project("{2150E333-8FDC-42A3-9474-1A3956D46DE8}") = "Solution Items", "Solution Items", "{FD601256-25D0-41B1-A73D-137EF9DC9234}"
EndProject
Project("{8BC9CEB8-8B4A-11D0-8D11-00A0C91BC942}") = "GP_Term", "GP_Term.vcxproj", "{4594F815-5845-49B5-AAA1-E854847EE57E}"
EndProject
Project("{8BC9CEB8-8B4A-11D0-8D11-00A0C91BC942}") = "ListMaker", "ListMaker\ListMaker.vcxproj", "{9699F17F-1E19-491C-9961-887A2BFA530F}"
EndProject
Project("{8BC9CEB8-8B4A-11D0-8D11-00A0C91BC942}") = "WinListmaker", "WinListmaker\WinListmaker.vcxproj", "{0BB2C758-C9DF-47AA-9674-3CA7CBA5AF6D}"
EndProject
Global
	GlobalSection(SolutionConfigurationPlatforms) = preSolution
		BRIZDebugXPENGL|Win32 = BRIZDebugXPENGL|Win32
		BRIZDebugXPRUS|Win32 = BRIZDebugXPRUS|Win32
		BRIZRelease2000|Win32 = BRIZRelease2000|Win32
		BRIZRelease2000ENGL|Win32 = BRIZRelease2000ENGL|Win32
		BRIZRelease95|Win32 = BRIZRelease95|Win32
		BRIZRelease95ENGL|Win32 = BRIZRelease95ENGL|Win32
		BRIZRelease98|Win32 = BRIZRelease98|Win32
		BRIZRelease98ENGL|Win32 = BRIZRelease98ENGL|Win32
		BRIZReleaseNT|Win32 = BRIZReleaseNT|Win32
		BRIZReleaseNTENGL|Win32 = BRIZReleaseNTENGL|Win32
		BRIZReleaseXP|Win32 = BRIZReleaseXP|Win32
		BRIZReleaseXPENGL|Win32 = BRIZReleaseXPENGL|Win32
		Debug|Win32 = Debug|Win32
		DebugNT|Win32 = DebugNT|Win32
		DebugXP|Win32 = DebugXP|Win32
		Release|Win32 = Release|Win32
		ReleaseNT|Win32 = ReleaseNT|Win32
		ReleaseXP|Win32 = ReleaseXP|Win32
	EndGlobalSection
	GlobalSection(ProjectConfigurationPlatforms) = postSolution
		{4594F815-5845-49B5-AAA1-E854847EE57E}.BRIZDebugXPENGL|Win32.ActiveCfg = BRIZDebugXPENGL|Win32
		{4594F815-5845-49B5-AAA1-E854847EE57E}.BRIZDebugXPENGL|Win32.Build.0 = BRIZDebugXPENGL|Win32
		{4594F815-5845-49B5-AAA1-E854847EE57E}.BRIZDebugXPRUS|Win32.ActiveCfg = BRIZDebugXPRUS|Win32
		{4594F815-5845-49B5-AAA1-E854847EE57E}.BRIZDebugXPRUS|Win32.Build.0 = BRIZDebugXPRUS|Win32
		{4594F815-5845-49B5-AAA1-E854847EE57E}.BRIZRelease2000|Win32.ActiveCfg = BRIZRelease2000|Win32
		{4594F815-5845-49B5-AAA1-E854847EE57E}.BRIZRelease2000|Win32.Build.0 = BRIZRelease2000|Win32
		{4594F815-5845-49B5-AAA1-E854847EE57E}.BRIZRelease2000ENGL|Win32.ActiveCfg = BRIZRelease2000ENGL|Win32
		{4594F815-5845-49B5-AAA1-E854847EE57E}.BRIZRelease2000ENGL|Win32.Build.0 = BRIZRelease2000ENGL|Win32
		{4594F815-5845-49B5-AAA1-E854847EE57E}.BRIZRelease95|Win32.ActiveCfg = BRIZRelease95|Win32
		{4594F815-5845-49B5-AAA1-E854847EE57E}.BRIZRelease95|Win32.Build.0 = BRIZRelease95|Win32
		{4594F815-5845-49B5-AAA1-E854847EE57E}.BRIZRelease95ENGL|Win32.ActiveCfg = BRIZRelease95ENGL|Win32
		{4594F815-5845-49B5-AAA1-E854847EE57E}.BRIZRelease95ENGL|Win32.Build.0 = BRIZRelease95ENGL|Win32
		{4594F815-5845-49B5-AAA1-E854847EE57E}.BRIZRelease98|Win32.ActiveCfg = BRIZRelease98|Win32
		{4594F815-5845-49B5-AAA1-E854847EE57E}.BRIZRelease98|Win32.Build.0 = BRIZRelease98|Win32
		{4594F815-5845-49B5-AAA1-E854847EE57E}.BRIZRelease98ENGL|Win32.ActiveCfg = BRIZRelease98ENGL|Win32
		{4594F815-5845-49B5-AAA1-E854847EE57E}.BRIZRelease98ENGL|Win32.Build.0 = BRIZRelease98ENGL|Win32
		{4594F815-5845-49B5-AAA1-E854847EE57E}.BRIZReleaseNT|Win32.ActiveCfg = BRIZReleaseNT|Win32
		{4594F815-5845-49B5-AAA1-E854847EE57E}.BRIZReleaseNT|Win32.Build.0 = BRIZReleaseNT|Win32
		{4594F815-5845-49B5-AAA1-E854847EE57E}.BRIZReleaseNTENGL|Win32.ActiveCfg = BRIZReleaseNTENGL|Win32
		{4594F815-5845-49B5-AAA1-E854847EE57E}.BRIZReleaseNTENGL|Win32.Build.0 = BRIZReleaseNTENGL|Win32
		{4594F815-5845-49B5-AAA1-E854847EE57E}.BRIZReleaseXP|Win32.ActiveCfg = BRIZReleaseXP|Win32
		{4594F815-5845-49B5-AAA1-E854847EE57E}.BRIZReleaseXP|Win32.Build.0 = BRIZReleaseXP|Win32
		{4594F815-5845-49B5-AAA1-E854847EE57E}.BRIZReleaseXPENGL|Win32.ActiveCfg = BRIZReleaseXPENGL|Win32
		{4594F815-5845-49B5-AAA1-E854847EE57E}.BRIZReleaseXPENGL|Win32.Build.0 = BRIZReleaseXPENGL|Win32
		{4594F815-5845-49B5-AAA1-E854847EE57E}.Debug|Win32.ActiveCfg = DebugNT|Win32
		{4594F815-5845-49B5-AAA1-E854847EE57E}.Debug|Win32.Build.0 = DebugNT|Win32
		{4594F815-5845-49B5-AAA1-E854847EE57E}.DebugNT|Win32.ActiveCfg = DebugNT|Win32
		{4594F815-5845-49B5-AAA1-E854847EE57E}.DebugNT|Win32.Build.0 = DebugNT|Win32
		{4594F815-5845-49B5-AAA1-E854847EE57E}.DebugXP|Win32.ActiveCfg = DebugXP|Win32
		{4594F815-5845-49B5-AAA1-E854847EE57E}.DebugXP|Win32.Build.0 = DebugXP|Win32
		{4594F815-5845-49B5-AAA1-E854847EE57E}.Release|Win32.ActiveCfg = ReleaseNT|Win32
		{4594F815-5845-49B5-AAA1-E854847EE57E}.Release|Win32.Build.0 = ReleaseNT|Win32
		{4594F815-5845-49B5-AAA1-E854847EE57E}.ReleaseNT|Win32.ActiveCfg = ReleaseNT|Win32
		{4594F815-5845-49B5-AAA1-E854847EE57E}.ReleaseNT|Win32.Build.0 = ReleaseNT|Win32
		{4594F815-5845-49B5-AAA1-E854847EE57E}.ReleaseXP|Win32.ActiveCfg = ReleaseXP|Win32
		{4594F815-5845-49B5-AAA1-E854847EE57E}.ReleaseXP|Win32.Build.0 = ReleaseXP|Win32
		{9699F17F-1E19-491C-9961-887A2BFA530F}.BRIZDebugXPENGL|Win32.ActiveCfg = Debug|Win32
		{9699F17F-1E19-491C-9961-887A2BFA530F}.BRIZDebugXPRUS|Win32.ActiveCfg = BRIZDebugXPRUS|Win32
		{9699F17F-1E19-491C-9961-887A2BFA530F}.BRIZRelease2000|Win32.ActiveCfg = Release|Win32
		{9699F17F-1E19-491C-9961-887A2BFA530F}.BRIZRelease2000ENGL|Win32.ActiveCfg = Release|Win32
		{9699F17F-1E19-491C-9961-887A2BFA530F}.BRIZRelease95|Win32.ActiveCfg = Release|Win32
		{9699F17F-1E19-491C-9961-887A2BFA530F}.BRIZRelease95ENGL|Win32.ActiveCfg = Release|Win32
		{9699F17F-1E19-491C-9961-887A2BFA530F}.BRIZRelease98|Win32.ActiveCfg = Release|Win32
		{9699F17F-1E19-491C-9961-887A2BFA530F}.BRIZRelease98ENGL|Win32.ActiveCfg = Release|Win32
		{9699F17F-1E19-491C-9961-887A2BFA530F}.BRIZReleaseNT|Win32.ActiveCfg = Release|Win32
		{9699F17F-1E19-491C-9961-887A2BFA530F}.BRIZReleaseNTENGL|Win32.ActiveCfg = Release|Win32
		{9699F17F-1E19-491C-9961-887A2BFA530F}.BRIZReleaseXP|Win32.ActiveCfg = Release|Win32
		{9699F17F-1E19-491C-9961-887A2BFA530F}.BRIZReleaseXPENGL|Win32.ActiveCfg = Release|Win32
		{9699F17F-1E19-491C-9961-887A2BFA530F}.Debug|Win32.ActiveCfg = Debug|Win32
		{9699F17F-1E19-491C-9961-887A2BFA530F}.DebugNT|Win32.ActiveCfg = Debug|Win32
		{9699F17F-1E19-491C-9961-887A2BFA530F}.DebugXP|Win32.ActiveCfg = Debug|Win32
		{9699F17F-1E19-491C-9961-887A2BFA530F}.Release|Win32.ActiveCfg = Release|Win32
		{9699F17F-1E19-491C-9961-887A2BFA530F}.ReleaseNT|Win32.ActiveCfg = Release|Win32
		{9699F17F-1E19-491C-9961-887A2BFA530F}.ReleaseXP|Win32.ActiveCfg = Release|Win32
		{0BB2C758-C9DF-47AA-9674-3CA7CBA5AF6D}.BRIZDebugXPENGL|Win32.ActiveCfg = Debug|Win32
		{0BB2C758-C9DF-47AA-9674-3CA7CBA5AF6D}.BRIZDebugXPRUS|Win32.ActiveCfg = BRIZDebugXPRUS|Win32
		{0BB2C758-C9DF-47AA-9674-3CA7CBA5AF6D}.BRIZRelease2000|Win32.ActiveCfg = Release|Win32
		{0BB2C758-C9DF-47AA-9674-3CA7CBA5AF6D}.BRIZRelease2000ENGL|Win32.ActiveCfg = Release|Win32
		{0BB2C758-C9DF-47AA-9674-3CA7CBA5AF6D}.BRIZRelease95|Win32.ActiveCfg = Release|Win32
		{0BB2C758-C9DF-47AA-9674-3CA7CBA5AF6D}.BRIZRelease95ENGL|Win32.ActiveCfg = Release|Win32
		{0BB2C758-C9DF-47AA-9674-3CA7CBA5AF6D}.BRIZRelease98|Win32.ActiveCfg = Release|Win32
		{0BB2C758-C9DF-47AA-9674-3CA7CBA5AF6D}.BRIZRelease98ENGL|Win32.ActiveCfg = Release|Win32
		{0BB2C758-C9DF-47AA-9674-3CA7CBA5AF6D}.BRIZReleaseNT|Win32.ActiveCfg = Release|Win32
		{0BB2C758-C9DF-47AA-9674-3CA7CBA5AF6D}.BRIZReleaseNTENGL|Win32.ActiveCfg = Release|Win32
		{0BB2C758-C9DF-47AA-9674-3CA7CBA5AF6D}.BRIZReleaseXP|Win32.ActiveCfg = Release|Win32
		{0BB2C758-C9DF-47AA-9674-3CA7CBA5AF6D}.BRIZReleaseXPENGL|Win32.ActiveCfg = Release|Win32
		{0BB2C758-C9DF-47AA-9674-3CA7CBA5AF6D}.Debug|Win32.ActiveCfg = Debug|Win32
		{0BB2C758-C9DF-47AA-9674-3CA7CBA5AF6D}.DebugNT|Win32.ActiveCfg = Debug|Win32
		{0BB2C758-C9DF-47AA-9674-3CA7CBA5AF6D}.DebugXP|Win32.ActiveCfg = Debug|Win32
		{0BB2C758-C9DF-47AA-9674-3CA7CBA5AF6D}.Release|Win32.ActiveCfg = Release|Win32
		{0BB2C758-C9DF-47AA-9674-3CA7CBA5AF6D}.ReleaseNT|Win32.ActiveCfg = Release|Win32
		{0BB2C758-C9DF-47AA-9674-3CA7CBA5AF6D}.ReleaseXP|Win32.ActiveCfg = Release|Win32
	EndGlobalSection
	GlobalSection(SolutionProperties) = preSolution
		HideSolutionNode = FALSE
	EndGlobalSection
EndGlobal
