<?xml version="1.0" encoding="utf-8"?>
<Project ToolsVersion="4.0" xmlns="http://schemas.microsoft.com/developer/msbuild/2003">
  <ItemGroup>
    <Filter Include="Source Files">
      <UniqueIdentifier>{673187ae-d971-4488-9206-99a3cb6b9c7d}</UniqueIdentifier>
      <Extensions>cpp;c;cxx;rc;def;r;odl;idl;hpj;bat</Extensions>
    </Filter>
    <Filter Include="Header Files">
      <UniqueIdentifier>{bebdfec3-afcb-481c-8d99-ca02530e1aaf}</UniqueIdentifier>
      <Extensions>h;hpp;hxx;hm;inl</Extensions>
    </Filter>
    <Filter Include="Resource Files">
      <UniqueIdentifier>{8df34830-55d8-4155-a8a8-d06aae788b94}</UniqueIdentifier>
      <Extensions>ico;cur;bmp;dlg;rc2;rct;bin;rgs;gif;jpg;jpeg;jpe</Extensions>
    </Filter>
    <Filter Include="Help Files">
      <UniqueIdentifier>{d06d41f2-fe08-48e8-9cec-9f99543431fb}</UniqueIdentifier>
      <Extensions>cnt;rtf</Extensions>
    </Filter>
  </ItemGroup>
  <ItemGroup>
    <ClCompile Include="scintilla\AutoComplete.cxx">
      <Filter>Source Files</Filter>
    </ClCompile>
    <ClCompile Include="AutoSizing.cpp">
      <Filter>Source Files</Filter>
    </ClCompile>
    <ClCompile Include="BitmapPlus.cpp">
      <Filter>Source Files</Filter>
    </ClCompile>
    <ClCompile Include="BrushExt.cpp">
      <Filter>Source Files</Filter>
    </ClCompile>
    <ClCompile Include="BrushPlus.cpp">
      <Filter>Source Files</Filter>
    </ClCompile>
    <ClCompile Include="scintilla\CallTip.cxx">
      <Filter>Source Files</Filter>
    </ClCompile>
    <ClCompile Include="scintilla\CellBuffer.cxx">
      <Filter>Source Files</Filter>
    </ClCompile>
    <ClCompile Include="scintilla\CharClassify.cxx">
      <Filter>Source Files</Filter>
    </ClCompile>
    <ClCompile Include="CntrItem.cpp">
      <Filter>Source Files</Filter>
    </ClCompile>
    <ClCompile Include="COMImport.cpp">
      <Filter>Source Files</Filter>
    </ClCompile>
    <ClCompile Include="CommonFunc.cpp">
      <Filter>Source Files</Filter>
    </ClCompile>
    <ClCompile Include="ComPortSetings.cpp">
      <Filter>Source Files</Filter>
    </ClCompile>
    <ClCompile Include="COMServer.cpp">
      <Filter>Source Files</Filter>
    </ClCompile>
    <ClCompile Include="Connector.cpp">
      <Filter>Source Files</Filter>
    </ClCompile>
    <ClCompile Include="scintilla\ContractionState.cxx">
      <Filter>Source Files</Filter>
    </ClCompile>
    <ClCompile Include="scintilla\Decoration.cxx">
      <Filter>Source Files</Filter>
    </ClCompile>
    <ClCompile Include="DldTermcapVideo.cpp">
      <Filter>Source Files</Filter>
    </ClCompile>
    <ClCompile Include="Dlg_OLESet.cpp">
      <Filter>Source Files</Filter>
    </ClCompile>
    <ClCompile Include="DlgClienFiles.cpp">
      <Filter>Source Files</Filter>
    </ClCompile>
    <ClCompile Include="DlgCodeco.cpp">
      <Filter>Source Files</Filter>
    </ClCompile>
    <ClCompile Include="DlgContextMenu.cpp">
      <Filter>Source Files</Filter>
    </ClCompile>
    <ClCompile Include="DlgCreateImageList.cpp">
      <Filter>Source Files</Filter>
    </ClCompile>
    <ClCompile Include="DlgDelimiters.cpp">
      <Filter>Source Files</Filter>
    </ClCompile>
    <ClCompile Include="DlgDrawEdit.cpp">
      <Filter>Source Files</Filter>
    </ClCompile>
    <ClCompile Include="DlgDumpSettings.cpp">
      <Filter>Source Files</Filter>
    </ClCompile>
    <ClCompile Include="DlgEditKeywords.cpp">
      <Filter>Source Files</Filter>
    </ClCompile>
    <ClCompile Include="DlgEditorColor.cpp">
      <Filter>Source Files</Filter>
    </ClCompile>
    <ClCompile Include="DlgEditorPrintSetup.cpp">
      <Filter>Source Files</Filter>
    </ClCompile>
    <ClCompile Include="DlgErrors.cpp">
      <Filter>Source Files</Filter>
    </ClCompile>
    <ClCompile Include="DlgFileItemName.cpp">
      <Filter>Source Files</Filter>
    </ClCompile>
    <ClCompile Include="DlgFontSet.cpp">
      <Filter>Source Files</Filter>
    </ClCompile>
    <ClCompile Include="DlgGPScintillaFind.cpp">
      <Filter>Source Files</Filter>
    </ClCompile>
    <ClCompile Include="DlgGraphCode.cpp">
      <Filter>Source Files</Filter>
    </ClCompile>
    <ClCompile Include="DlgGUISet.cpp">
      <Filter>Source Files</Filter>
    </ClCompile>
    <ClCompile Include="DlgImageList.cpp">
      <Filter>Source Files</Filter>
    </ClCompile>
    <ClCompile Include="DlgImageMask.cpp">
      <Filter>Source Files</Filter>
    </ClCompile>
    <ClCompile Include="DlgInitComObject.cpp">
      <Filter>Source Files</Filter>
    </ClCompile>
    <ClCompile Include="DlgKeyEditor.cpp">
      <Filter>Source Files</Filter>
    </ClCompile>
    <ClCompile Include="DlgLogin.cpp">
      <Filter>Source Files</Filter>
    </ClCompile>
    <ClCompile Include="DlgMethods.cpp">
      <Filter>Source Files</Filter>
    </ClCompile>
    <ClCompile Include="DlgNewSession.cpp">
      <Filter>Source Files</Filter>
    </ClCompile>
    <ClCompile Include="DlgNewSpr.cpp">
      <Filter>Source Files</Filter>
    </ClCompile>
    <ClCompile Include="DlgNotepadSet.cpp">
      <Filter>Source Files</Filter>
    </ClCompile>
    <ClCompile Include="DlgRegister.cpp">
      <Filter>Source Files</Filter>
    </ClCompile>
    <ClCompile Include="DlgScreenSize.cpp">
      <Filter>Source Files</Filter>
    </ClCompile>
    <ClCompile Include="DlgSeparateView.cpp">
      <Filter>Source Files</Filter>
    </ClCompile>
    <ClCompile Include="DlgSeparateViewInFrame.cpp">
      <Filter>Source Files</Filter>
    </ClCompile>
    <ClCompile Include="DlgSetupSSH.cpp">
      <Filter>Source Files</Filter>
    </ClCompile>
    <ClCompile Include="DlgStatistics.cpp">
      <Filter>Source Files</Filter>
    </ClCompile>
    <ClCompile Include="DlgTermcap.cpp">
      <Filter>Source Files</Filter>
    </ClCompile>
    <ClCompile Include="DlgTermcapEsc.cpp">
      <Filter>Source Files</Filter>
    </ClCompile>
    <ClCompile Include="DlgTermcapEscLine.cpp">
      <Filter>Source Files</Filter>
    </ClCompile>
    <ClCompile Include="DlgTermcapKbd.cpp">
      <Filter>Source Files</Filter>
    </ClCompile>
    <ClCompile Include="DlgTermcapTerminal.cpp">
      <Filter>Source Files</Filter>
    </ClCompile>
    <ClCompile Include="DlgTermSet.cpp">
      <Filter>Source Files</Filter>
    </ClCompile>
    <ClCompile Include="DlgViewContextMenuMethods.cpp">
      <Filter>Source Files</Filter>
    </ClCompile>
    <ClCompile Include="DlgViewFSMethods.cpp">
      <Filter>Source Files</Filter>
    </ClCompile>
    <ClCompile Include="DlgViewInput.cpp">
      <Filter>Source Files</Filter>
    </ClCompile>
    <ClCompile Include="DlgViewInputAll.cpp">
      <Filter>Source Files</Filter>
    </ClCompile>
    <ClCompile Include="DlgViewInputSet.cpp">
      <Filter>Source Files</Filter>
    </ClCompile>
    <ClCompile Include="DlgViewIOFiles.cpp">
      <Filter>Source Files</Filter>
    </ClCompile>
    <ClCompile Include="DlgViewItem.cpp">
      <Filter>Source Files</Filter>
    </ClCompile>
    <ClCompile Include="DlgViewOutput.cpp">
      <Filter>Source Files</Filter>
    </ClCompile>
    <ClCompile Include="DlgViewOutputSet.cpp">
      <Filter>Source Files</Filter>
    </ClCompile>
    <ClCompile Include="DlgViewRegMethods.cpp">
      <Filter>Source Files</Filter>
    </ClCompile>
    <ClCompile Include="DlgViewSystemMethods.cpp">
      <Filter>Source Files</Filter>
    </ClCompile>
    <ClCompile Include="DllImport.cpp">
      <Filter>Source Files</Filter>
    </ClCompile>
    <ClCompile Include="DllServer.cpp">
      <Filter>Source Files</Filter>
    </ClCompile>
    <ClCompile Include="scintilla\Document.cxx">
      <Filter>Source Files</Filter>
    </ClCompile>
    <ClCompile Include="scintilla\DocumentAccessor.cxx">
      <Filter>Source Files</Filter>
    </ClCompile>
    <ClCompile Include="scintilla\Editor.cxx">
      <Filter>Source Files</Filter>
    </ClCompile>
    <ClCompile Include="EditorPrintSettings.cpp">
      <Filter>Source Files</Filter>
    </ClCompile>
    <ClCompile Include="ErrReport.cpp">
      <Filter>Source Files</Filter>
    </ClCompile>
    <ClCompile Include="excel8.cpp">
      <Filter>Source Files</Filter>
    </ClCompile>
    <ClCompile Include="scintilla\ExternalLexer.cxx">
      <Filter>Source Files</Filter>
    </ClCompile>
    <ClCompile Include="FilterArray.cpp">
      <Filter>Source Files</Filter>
    </ClCompile>
    <ClCompile Include="FontExt.cpp">
      <Filter>Source Files</Filter>
    </ClCompile>
    <ClCompile Include="FontPlus.cpp">
      <Filter>Source Files</Filter>
    </ClCompile>
    <ClCompile Include="GP_AutoSizing.cpp">
      <Filter>Source Files</Filter>
    </ClCompile>
    <ClCompile Include="GP_comm.cpp">
      <Filter>Source Files</Filter>
    </ClCompile>
    <ClCompile Include="GP_Control.cpp">
      <Filter>Source Files</Filter>
    </ClCompile>
    <ClCompile Include="GP_DlgSetting.cpp">
      <Filter>Source Files</Filter>
    </ClCompile>
    <ClCompile Include="GP_File.cpp">
      <Filter>Source Files</Filter>
    </ClCompile>
    <ClCompile Include="GP_HotKey.cpp">
      <Filter>Source Files</Filter>
    </ClCompile>
    <ClCompile Include="GP_RarefiedArr.cpp">
      <Filter>Source Files</Filter>
    </ClCompile>
    <ClCompile Include="GP_RTF.cpp">
      <Filter>Source Files</Filter>
    </ClCompile>
    <ClCompile Include="GP_Term.cpp">
      <Filter>Source Files</Filter>
    </ClCompile>
    <ClCompile Include="GP_TermDoc.cpp">
      <Filter>Source Files</Filter>
    </ClCompile>
    <ClCompile Include="GP_TermDoc2.cpp">
      <Filter>Source Files</Filter>
    </ClCompile>
    <ClCompile Include="GP_TermView.cpp">
      <Filter>Source Files</Filter>
    </ClCompile>
    <ClCompile Include="GP_termView2.cpp">
      <Filter>Source Files</Filter>
    </ClCompile>
    <ClCompile Include="GP_termView3.cpp">
      <Filter>Source Files</Filter>
    </ClCompile>
    <ClCompile Include="GP_termView4.cpp">
      <Filter>Source Files</Filter>
    </ClCompile>
    <ClCompile Include="GPAdmIsOn.cpp">
      <Filter>Source Files</Filter>
    </ClCompile>
    <ClCompile Include="GPAniButton.cpp">
      <Filter>Source Files</Filter>
    </ClCompile>
    <ClCompile Include="GPAnimate.cpp">
      <Filter>Source Files</Filter>
    </ClCompile>
    <ClCompile Include="GPAniStatic.cpp">
      <Filter>Source Files</Filter>
    </ClCompile>
    <ClCompile Include="GPAsyncSocket.cpp">
      <Filter>Source Files</Filter>
    </ClCompile>
    <ClCompile Include="GPBButton.cpp">
      <Filter>Source Files</Filter>
    </ClCompile>
    <ClCompile Include="GPButton.cpp">
      <Filter>Source Files</Filter>
    </ClCompile>
    <ClCompile Include="GPCDAODatabase.cpp">
      <Filter>Source Files</Filter>
    </ClCompile>
    <ClCompile Include="GPCDAOQueryDef.cpp">
      <Filter>Source Files</Filter>
    </ClCompile>
    <ClCompile Include="GPCDAORecordset.cpp">
      <Filter>Source Files</Filter>
    </ClCompile>
    <ClCompile Include="GPCDAOTableDef.cpp">
      <Filter>Source Files</Filter>
    </ClCompile>
    <ClCompile Include="GPCDAOWorkspace.cpp">
      <Filter>Source Files</Filter>
    </ClCompile>
    <ClCompile Include="GPCDatabase.cpp">
      <Filter>Source Files</Filter>
    </ClCompile>
    <ClCompile Include="GPChLBox.cpp">
      <Filter>Source Files</Filter>
    </ClCompile>
    <ClCompile Include="GPColorDlg.cpp">
      <Filter>Source Files</Filter>
    </ClCompile>
    <ClCompile Include="GPComboBox.cpp">
      <Filter>Source Files</Filter>
    </ClCompile>
    <ClCompile Include="GPComboBoxEx.cpp">
      <Filter>Source Files</Filter>
    </ClCompile>
    <ClCompile Include="GPCommonColorDlg.cpp">
      <Filter>Source Files</Filter>
    </ClCompile>
    <ClCompile Include="GPCommonDlg.cpp">
      <Filter>Source Files</Filter>
    </ClCompile>
    <ClCompile Include="GPCommonFontDlg.cpp">
      <Filter>Source Files</Filter>
    </ClCompile>
    <ClCompile Include="GPContainer.cpp">
      <Filter>Source Files</Filter>
    </ClCompile>
    <ClCompile Include="GPContextMenu.cpp">
      <Filter>Source Files</Filter>
    </ClCompile>
    <ClCompile Include="GPCRecordset.cpp">
      <Filter>Source Files</Filter>
    </ClCompile>
    <ClCompile Include="GPCurrent.cpp">
      <Filter>Source Files</Filter>
    </ClCompile>
    <ClCompile Include="GPCursor.cpp">
      <Filter>Source Files</Filter>
    </ClCompile>
    <ClCompile Include="GPCursorArr.cpp">
      <Filter>Source Files</Filter>
    </ClCompile>
    <ClCompile Include="GPDateTimeCtrl.cpp">
      <Filter>Source Files</Filter>
    </ClCompile>
    <ClCompile Include="GPDialogBar.cpp">
      <Filter>Source Files</Filter>
    </ClCompile>
    <ClCompile Include="GPDlgBar.cpp">
      <Filter>Source Files</Filter>
    </ClCompile>
    <ClCompile Include="GPDlgCommtype.cpp">
      <Filter>Source Files</Filter>
    </ClCompile>
    <ClCompile Include="GPDlgDebug.cpp">
      <Filter>Source Files</Filter>
    </ClCompile>
    <ClCompile Include="GPDlgFindReplace.cpp">
      <Filter>Source Files</Filter>
    </ClCompile>
    <ClCompile Include="GPDlgNewValue.cpp">
      <Filter>Source Files</Filter>
    </ClCompile>
    <ClCompile Include="GPDlgPageSetup.cpp">
      <Filter>Source Files</Filter>
    </ClCompile>
    <ClCompile Include="GPDlgTelnetSet.cpp">
      <Filter>Source Files</Filter>
    </ClCompile>
    <ClCompile Include="GPDlgViewMPVar.cpp">
      <Filter>Source Files</Filter>
    </ClCompile>
    <ClCompile Include="GPDlgViewSpr.cpp">
      <Filter>Source Files</Filter>
    </ClCompile>
    <ClCompile Include="GPDlgViewSTable.cpp">
      <Filter>Source Files</Filter>
    </ClCompile>
    <ClCompile Include="GPDrawWnd.cpp">
      <Filter>Source Files</Filter>
    </ClCompile>
    <ClCompile Include="GPDrLBox.cpp">
      <Filter>Source Files</Filter>
    </ClCompile>
    <ClCompile Include="GPEdit.cpp">
      <Filter>Source Files</Filter>
    </ClCompile>
    <ClCompile Include="GPExcel.cpp">
      <Filter>Source Files</Filter>
    </ClCompile>
    <ClCompile Include="GPFont.cpp">
      <Filter>Source Files</Filter>
    </ClCompile>
    <ClCompile Include="GPFontList.cpp">
      <Filter>Source Files</Filter>
    </ClCompile>
    <ClCompile Include="GPFrameBar.cpp">
      <Filter>Source Files</Filter>
    </ClCompile>
    <ClCompile Include="GPFrameWnd.cpp">
      <Filter>Source Files</Filter>
    </ClCompile>
    <ClCompile Include="GPHandleArray.cpp">
      <Filter>Source Files</Filter>
    </ClCompile>
    <ClCompile Include="GPHeader.cpp">
      <Filter>Source Files</Filter>
    </ClCompile>
    <ClCompile Include="GPHTMLDocument.cpp">
      <Filter>Source Files</Filter>
    </ClCompile>
    <ClCompile Include="GPImageList.cpp">
      <Filter>Source Files</Filter>
    </ClCompile>
    <ClCompile Include="GPInputPool.cpp">
      <Filter>Source Files</Filter>
    </ClCompile>
    <ClCompile Include="GPIOFile.cpp">
      <Filter>Source Files</Filter>
    </ClCompile>
    <ClCompile Include="GPIOFileArray.cpp">
      <Filter>Source Files</Filter>
    </ClCompile>
    <ClCompile Include="GPListBox.cpp">
      <Filter>Source Files</Filter>
    </ClCompile>
    <ClCompile Include="GPListCtr.cpp">
      <Filter>Source Files</Filter>
    </ClCompile>
    <ClCompile Include="GPMenu.cpp">
      <Filter>Source Files</Filter>
    </ClCompile>
    <ClCompile Include="GPMessage.cpp">
      <Filter>Source Files</Filter>
    </ClCompile>
    <ClCompile Include="GPMonthCalCtrl.cpp">
      <Filter>Source Files</Filter>
    </ClCompile>
    <ClCompile Include="gpmsflexgrid.cpp">
      <Filter>Source Files</Filter>
    </ClCompile>
    <ClCompile Include="GPNotifyEdit.cpp">
      <Filter>Source Files</Filter>
    </ClCompile>
    <ClCompile Include="GPObjDialog.cpp">
      <Filter>Source Files</Filter>
    </ClCompile>
    <ClCompile Include="GPODBC_Database.cpp">
      <Filter>Source Files</Filter>
    </ClCompile>
    <ClCompile Include="GPOleDispatchDriver.cpp">
      <Filter>Source Files</Filter>
    </ClCompile>
    <ClCompile Include="GPOLEExcel1.cpp">
      <Filter>Source Files</Filter>
    </ClCompile>
    <ClCompile Include="gpolefont.cpp">
      <Filter>Source Files</Filter>
    </ClCompile>
    <ClCompile Include="GPOLERange.cpp">
      <Filter>Source Files</Filter>
    </ClCompile>
    <ClCompile Include="gppicture.cpp">
      <Filter>Source Files</Filter>
    </ClCompile>
    <ClCompile Include="GPProgress.cpp">
      <Filter>Source Files</Filter>
    </ClCompile>
    <ClCompile Include="GPReBar.cpp">
      <Filter>Source Files</Filter>
    </ClCompile>
    <ClCompile Include="GPReBarCtrl.cpp">
      <Filter>Source Files</Filter>
    </ClCompile>
    <ClCompile Include="GPRegion.cpp">
      <Filter>Source Files</Filter>
    </ClCompile>
    <ClCompile Include="GPRegionArr.cpp">
      <Filter>Source Files</Filter>
    </ClCompile>
    <ClCompile Include="gprowcursor.cpp">
      <Filter>Source Files</Filter>
    </ClCompile>
    <ClCompile Include="GPScintilla.cpp">
      <Filter>Source Files</Filter>
    </ClCompile>
    <ClCompile Include="GPScreen.cpp">
      <Filter>Source Files</Filter>
    </ClCompile>
    <ClCompile Include="GPScript.cpp">
      <Filter>Source Files</Filter>
    </ClCompile>
    <ClCompile Include="GPScrollBar.cpp">
      <Filter>Source Files</Filter>
    </ClCompile>
    <ClCompile Include="GPScroller.cpp">
      <Filter>Source Files</Filter>
    </ClCompile>
    <ClCompile Include="GPSlider.cpp">
      <Filter>Source Files</Filter>
    </ClCompile>
    <ClCompile Include="GPSpinButton.cpp">
      <Filter>Source Files</Filter>
    </ClCompile>
    <ClCompile Include="GPSpr.cpp">
      <Filter>Source Files</Filter>
    </ClCompile>
    <ClCompile Include="GPSprArray.cpp">
      <Filter>Source Files</Filter>
    </ClCompile>
    <ClCompile Include="GPStatic.cpp">
      <Filter>Source Files</Filter>
    </ClCompile>
    <ClCompile Include="GPStatusBar.cpp">
      <Filter>Source Files</Filter>
    </ClCompile>
    <ClCompile Include="GPStatusBarCtrl.cpp">
      <Filter>Source Files</Filter>
    </ClCompile>
    <ClCompile Include="GPTabCtrl.cpp">
      <Filter>Source Files</Filter>
    </ClCompile>
    <ClCompile Include="GPTextArray.cpp">
      <Filter>Source Files</Filter>
    </ClCompile>
    <ClCompile Include="GPTInterface.cpp">
      <Filter>Source Files</Filter>
    </ClCompile>
    <ClCompile Include="GPToolBar.cpp">
      <Filter>Source Files</Filter>
    </ClCompile>
    <ClCompile Include="GPToolBarCtrl.cpp">
      <Filter>Source Files</Filter>
    </ClCompile>
    <ClCompile Include="GPToolTipCtrl.cpp">
      <Filter>Source Files</Filter>
    </ClCompile>
    <ClCompile Include="GPTree.cpp">
      <Filter>Source Files</Filter>
    </ClCompile>
    <ClCompile Include="GPTwain.cpp">
      <Filter>Source Files</Filter>
    </ClCompile>
    <ClCompile Include="GPUnit.cpp">
      <Filter>Source Files</Filter>
    </ClCompile>
    <ClCompile Include="GPViewInput.cpp">
      <Filter>Source Files</Filter>
    </ClCompile>
    <ClCompile Include="GPViewOutput.cpp">
      <Filter>Source Files</Filter>
    </ClCompile>
    <ClCompile Include="GPwebbrowser2.cpp">
      <Filter>Source Files</Filter>
    </ClCompile>
    <ClCompile Include="GPWebBrowser2Sink.cpp">
      <Filter>Source Files</Filter>
    </ClCompile>
    <ClCompile Include="GPWindow.cpp">
      <Filter>Source Files</Filter>
    </ClCompile>
    <ClCompile Include="GPWndPropertyArray.cpp">
      <Filter>Source Files</Filter>
    </ClCompile>
    <ClCompile Include="GPWndPropertyArrayItem.cpp">
      <Filter>Source Files</Filter>
    </ClCompile>
    <ClCompile Include="GPWndSizer.cpp">
      <Filter>Source Files</Filter>
    </ClCompile>
    <ClCompile Include="GPWndSizerArr.cpp">
      <Filter>Source Files</Filter>
    </ClCompile>
    <ClCompile Include="GraphicsPathPlus.cpp">
      <Filter>Source Files</Filter>
    </ClCompile>
    <ClCompile Include="scintilla\Indicator.cxx">
      <Filter>Source Files</Filter>
    </ClCompile>
    <ClCompile Include="IpFrame.cpp">
      <Filter>Source Files</Filter>
    </ClCompile>
    <ClCompile Include="scintilla\KeyMap.cxx">
      <Filter>Source Files</Filter>
    </ClCompile>
    <ClCompile Include="scintilla\KeyWords.cxx">
      <Filter>Source Files</Filter>
    </ClCompile>
    <ClCompile Include="scintilla\LexAbaqus.cxx">
      <Filter>Source Files</Filter>
    </ClCompile>
    <ClCompile Include="scintilla\LexAda.cxx">
      <Filter>Source Files</Filter>
    </ClCompile>
    <ClCompile Include="scintilla\LexAPDL.cxx">
      <Filter>Source Files</Filter>
    </ClCompile>
    <ClCompile Include="scintilla\LexAsm.cxx">
      <Filter>Source Files</Filter>
    </ClCompile>
    <ClCompile Include="scintilla\LexAsn1.cxx">
      <Filter>Source Files</Filter>
    </ClCompile>
    <ClCompile Include="scintilla\LexASY.cxx">
      <Filter>Source Files</Filter>
    </ClCompile>
    <ClCompile Include="scintilla\LexAU3.cxx">
      <Filter>Source Files</Filter>
    </ClCompile>
    <ClCompile Include="scintilla\LexAVE.cxx">
      <Filter>Source Files</Filter>
    </ClCompile>
    <ClCompile Include="scintilla\LexBaan.cxx">
      <Filter>Source Files</Filter>
    </ClCompile>
    <ClCompile Include="scintilla\LexBash.cxx">
      <Filter>Source Files</Filter>
    </ClCompile>
    <ClCompile Include="scintilla\LexBasic.cxx">
      <Filter>Source Files</Filter>
    </ClCompile>
    <ClCompile Include="scintilla\LexBullant.cxx">
      <Filter>Source Files</Filter>
    </ClCompile>
    <ClCompile Include="scintilla\LexCaml.cxx">
      <Filter>Source Files</Filter>
    </ClCompile>
    <ClCompile Include="scintilla\LexCLW.cxx">
      <Filter>Source Files</Filter>
    </ClCompile>
    <ClCompile Include="scintilla\LexCmake.cxx">
      <Filter>Source Files</Filter>
    </ClCompile>
    <ClCompile Include="scintilla\LexConf.cxx">
      <Filter>Source Files</Filter>
    </ClCompile>
    <ClCompile Include="scintilla\LexCPP.cxx">
      <Filter>Source Files</Filter>
    </ClCompile>
    <ClCompile Include="scintilla\LexCrontab.cxx">
      <Filter>Source Files</Filter>
    </ClCompile>
    <ClCompile Include="scintilla\LexCsound.cxx">
      <Filter>Source Files</Filter>
    </ClCompile>
    <ClCompile Include="scintilla\LexCSS.cxx">
      <Filter>Source Files</Filter>
    </ClCompile>
    <ClCompile Include="scintilla\LexD.cxx">
      <Filter>Source Files</Filter>
    </ClCompile>
    <ClCompile Include="scintilla\LexEiffel.cxx">
      <Filter>Source Files</Filter>
    </ClCompile>
    <ClCompile Include="scintilla\LexErlang.cxx">
      <Filter>Source Files</Filter>
    </ClCompile>
    <ClCompile Include="scintilla\LexEScript.cxx">
      <Filter>Source Files</Filter>
    </ClCompile>
    <ClCompile Include="scintilla\LexFlagship.cxx">
      <Filter>Source Files</Filter>
    </ClCompile>
    <ClCompile Include="scintilla\LexForth.cxx">
      <Filter>Source Files</Filter>
    </ClCompile>
    <ClCompile Include="scintilla\LexFortran.cxx">
      <Filter>Source Files</Filter>
    </ClCompile>
    <ClCompile Include="scintilla\LexGAP.cxx">
      <Filter>Source Files</Filter>
    </ClCompile>
    <ClCompile Include="scintilla\LexGui4Cli.cxx">
      <Filter>Source Files</Filter>
    </ClCompile>
    <ClCompile Include="scintilla\LexHaskell.cxx">
      <Filter>Source Files</Filter>
    </ClCompile>
    <ClCompile Include="scintilla\LexHTML.cxx">
      <Filter>Source Files</Filter>
    </ClCompile>
    <ClCompile Include="scintilla\LexInno.cxx">
      <Filter>Source Files</Filter>
    </ClCompile>
    <ClCompile Include="scintilla\LexKix.cxx">
      <Filter>Source Files</Filter>
    </ClCompile>
    <ClCompile Include="scintilla\LexLisp.cxx">
      <Filter>Source Files</Filter>
    </ClCompile>
    <ClCompile Include="scintilla\LexLout.cxx">
      <Filter>Source Files</Filter>
    </ClCompile>
    <ClCompile Include="scintilla\LexLua.cxx">
      <Filter>Source Files</Filter>
    </ClCompile>
    <ClCompile Include="scintilla\LexMagik.cxx">
      <Filter>Source Files</Filter>
    </ClCompile>
    <ClCompile Include="scintilla\LexMatlab.cxx">
      <Filter>Source Files</Filter>
    </ClCompile>
    <ClCompile Include="scintilla\LexMetapost.cxx">
      <Filter>Source Files</Filter>
    </ClCompile>
    <ClCompile Include="scintilla\LexMMIXAL.cxx">
      <Filter>Source Files</Filter>
    </ClCompile>
    <ClCompile Include="scintilla\LexMPT.cxx">
      <Filter>Source Files</Filter>
    </ClCompile>
    <ClCompile Include="scintilla\LexMSSQL.cxx">
      <Filter>Source Files</Filter>
    </ClCompile>
    <ClCompile Include="LexMVItem.cxx">
      <Filter>Source Files</Filter>
    </ClCompile>
    <ClCompile Include="scintilla\LexMySQL.cxx">
      <Filter>Source Files</Filter>
    </ClCompile>
    <ClCompile Include="scintilla\LexNsis.cxx">
      <Filter>Source Files</Filter>
    </ClCompile>
    <ClCompile Include="scintilla\LexOpal.cxx">
      <Filter>Source Files</Filter>
    </ClCompile>
    <ClCompile Include="scintilla\LexOthers.cxx">
      <Filter>Source Files</Filter>
    </ClCompile>
    <ClCompile Include="scintilla\LexPascal.cxx">
      <Filter>Source Files</Filter>
    </ClCompile>
    <ClCompile Include="LexPB.cxx">
      <Filter>Source Files</Filter>
    </ClCompile>
    <ClCompile Include="scintilla\LexPerl.cxx">
      <Filter>Source Files</Filter>
    </ClCompile>
    <ClCompile Include="scintilla\LexPLM.cxx">
      <Filter>Source Files</Filter>
    </ClCompile>
    <ClCompile Include="scintilla\LexPOV.cxx">
      <Filter>Source Files</Filter>
    </ClCompile>
    <ClCompile Include="scintilla\LexPowerB.cxx">
      <Filter>Source Files</Filter>
    </ClCompile>
    <ClCompile Include="scintilla\LexPowerShell.cxx">
      <Filter>Source Files</Filter>
    </ClCompile>
    <ClCompile Include="scintilla\LexProgress.cxx">
      <Filter>Source Files</Filter>
    </ClCompile>
    <ClCompile Include="scintilla\LexPS.cxx">
      <Filter>Source Files</Filter>
    </ClCompile>
    <ClCompile Include="scintilla\LexPython.cxx">
      <Filter>Source Files</Filter>
    </ClCompile>
    <ClCompile Include="scintilla\LexR.cxx">
      <Filter>Source Files</Filter>
    </ClCompile>
    <ClCompile Include="scintilla\LexRebol.cxx">
      <Filter>Source Files</Filter>
    </ClCompile>
    <ClCompile Include="scintilla\LexRuby.cxx">
      <Filter>Source Files</Filter>
    </ClCompile>
    <ClCompile Include="scintilla\LexScriptol.cxx">
      <Filter>Source Files</Filter>
    </ClCompile>
    <ClCompile Include="LexSepView.cxx">
      <Filter>Source Files</Filter>
    </ClCompile>
    <ClCompile Include="scintilla\LexSmalltalk.cxx">
      <Filter>Source Files</Filter>
    </ClCompile>
    <ClCompile Include="scintilla\LexSpecman.cxx">
      <Filter>Source Files</Filter>
    </ClCompile>
    <ClCompile Include="scintilla\LexSpice.cxx">
      <Filter>Source Files</Filter>
    </ClCompile>
    <ClCompile Include="scintilla\LexSQL.cxx">
      <Filter>Source Files</Filter>
    </ClCompile>
    <ClCompile Include="scintilla\LexTADS3.cxx">
      <Filter>Source Files</Filter>
    </ClCompile>
    <ClCompile Include="scintilla\LexTCL.cxx">
      <Filter>Source Files</Filter>
    </ClCompile>
    <ClCompile Include="scintilla\LexTeX.cxx">
      <Filter>Source Files</Filter>
    </ClCompile>
    <ClCompile Include="scintilla\LexVB.cxx">
      <Filter>Source Files</Filter>
    </ClCompile>
    <ClCompile Include="scintilla\LexVerilog.cxx">
      <Filter>Source Files</Filter>
    </ClCompile>
    <ClCompile Include="scintilla\LexVHDL.cxx">
      <Filter>Source Files</Filter>
    </ClCompile>
    <ClCompile Include="scintilla\LexYAML.cxx">
      <Filter>Source Files</Filter>
    </ClCompile>
    <ClCompile Include="scintilla\LineMarker.cxx">
      <Filter>Source Files</Filter>
    </ClCompile>
    <ClCompile Include="ListMaker.cpp">
      <Filter>Source Files</Filter>
    </ClCompile>
    <ClCompile Include="MainFrm.cpp">
      <Filter>Source Files</Filter>
    </ClCompile>
    <ClCompile Include="MatrixPlus.cpp">
      <Filter>Source Files</Filter>
    </ClCompile>
    <ClCompile Include="MemUtils.cpp">
      <Filter>Source Files</Filter>
    </ClCompile>
    <ClCompile Include="MenuCustom.cpp">
      <Filter>Source Files</Filter>
    </ClCompile>
    <ClCompile Include="MSFlexGridSink.cpp">
      <Filter>Source Files</Filter>
    </ClCompile>
    <ClCompile Include="ObjectGroupsArray.cpp">
      <Filter>Source Files</Filter>
    </ClCompile>
    <ClCompile Include="ODBCRecordset.cpp">
      <Filter>Source Files</Filter>
    </ClCompile>
    <ClCompile Include="ODContext.cpp">
      <Filter>Source Files</Filter>
    </ClCompile>
    <ClCompile Include="ODContextArray.cpp">
      <Filter>Source Files</Filter>
    </ClCompile>
    <ClCompile Include="ODContextItem.cpp">
      <Filter>Source Files</Filter>
    </ClCompile>
    <ClCompile Include="PenExt.cpp">
      <Filter>Source Files</Filter>
    </ClCompile>
    <ClCompile Include="PenPlus.cpp">
      <Filter>Source Files</Filter>
    </ClCompile>
    <ClCompile Include="scintilla\PlatWin.cxx">
      <Filter>Source Files</Filter>
    </ClCompile>
    <ClCompile Include="scintilla\PositionCache.cxx">
      <Filter>Source Files</Filter>
    </ClCompile>
    <ClCompile Include="ProcMonitor.cpp">
      <Filter>Source Files</Filter>
    </ClCompile>
    <ClCompile Include="ProgressDialog.cpp">
      <Filter>Source Files</Filter>
    </ClCompile>
    <ClCompile Include="scintilla\PropSet.cxx">
      <Filter>Source Files</Filter>
    </ClCompile>
    <ClCompile Include="scintilla\RESearch.cxx">
      <Filter>Source Files</Filter>
    </ClCompile>
    <ClCompile Include="RgnExt.cpp">
      <Filter>Source Files</Filter>
    </ClCompile>
    <ClCompile Include="RgnPlus.cpp">
      <Filter>Source Files</Filter>
    </ClCompile>
    <ClCompile Include="scintilla\RunStyles.cxx">
      <Filter>Source Files</Filter>
    </ClCompile>
    <ClCompile Include="scintilla\ScintillaBase.cxx">
      <Filter>Source Files</Filter>
    </ClCompile>
    <ClCompile Include="scintilla\ScintillaWin.cxx">
      <Filter>Source Files</Filter>
    </ClCompile>
    <ClCompile Include="SendPickFlProgress.cpp">
      <Filter>Source Files</Filter>
    </ClCompile>
    <ClCompile Include="Splash.cpp">
      <Filter>Source Files</Filter>
    </ClCompile>
    <ClCompile Include="SrvrItem.cpp">
      <Filter>Source Files</Filter>
    </ClCompile>
    <ClCompile Include="StdAfx.cpp">
      <Filter>Source Files</Filter>
    </ClCompile>
    <ClCompile Include="StringFormatPlus.cpp">
      <Filter>Source Files</Filter>
    </ClCompile>
    <ClCompile Include="scintilla\Style.cxx">
      <Filter>Source Files</Filter>
    </ClCompile>
    <ClCompile Include="scintilla\StyleContext.cxx">
      <Filter>Source Files</Filter>
    </ClCompile>
    <ClCompile Include="TableDataContainer.cpp">
      <Filter>Source Files</Filter>
    </ClCompile>
    <ClCompile Include="TableDataContainerItem.cpp">
      <Filter>Source Files</Filter>
    </ClCompile>
    <ClCompile Include="TermCap.cpp">
      <Filter>Source Files</Filter>
    </ClCompile>
    <ClCompile Include="TwainCpp.cpp">
      <Filter>Source Files</Filter>
    </ClCompile>
    <ClCompile Include="scintilla\UniConversion.cxx">
      <Filter>Source Files</Filter>
    </ClCompile>
    <ClCompile Include="UniSocket.cpp">
      <Filter>Source Files</Filter>
    </ClCompile>
    <ClCompile Include="scintilla\ViewStyle.cxx">
      <Filter>Source Files</Filter>
    </ClCompile>
    <ClCompile Include="scintilla\WindowAccessor.cxx">
      <Filter>Source Files</Filter>
    </ClCompile>
    <ClCompile Include="WndPrint.cpp">
      <Filter>Source Files</Filter>
    </ClCompile>
    <ClCompile Include="scintilla\XPM.cxx">
      <Filter>Source Files</Filter>
    </ClCompile>
  </ItemGroup>
  <ItemGroup>
    <None Include="AutoSizing.rgs">
      <Filter>Resource Files</Filter>
    </None>
    <None Include="COMImport.rgs">
      <Filter>Resource Files</Filter>
    </None>
    <None Include="Connector.rgs">
      <Filter>Resource Files</Filter>
    </None>
    <None Include="res\cursor1.cur">
      <Filter>Resource Files</Filter>
    </None>
    <None Include="res\cursor2.cur">
      <Filter>Resource Files</Filter>
    </None>
    <None Include="res\GP_Term.rc2">
      <Filter>Resource Files</Filter>
    </None>
    <None Include="GP_Term.rgs">
      <Filter>Resource Files</Filter>
    </None>
    <None Include="GPTInterface.rgs">
      <Filter>Resource Files</Filter>
    </None>
    <None Include="res\H_CROSS.CUR">
      <Filter>Resource Files</Filter>
    </None>
    <None Include="res\H_IBEAM.CUR">
      <Filter>Resource Files</Filter>
    </None>
    <None Include="res\H_MOVE.CUR">
      <Filter>Resource Files</Filter>
    </None>
    <None Include="res\H_NE.CUR">
      <Filter>Resource Files</Filter>
    </None>
    <None Include="res\H_NODROP.CUR">
      <Filter>Resource Files</Filter>
    </None>
    <None Include="res\H_NS.CUR">
      <Filter>Resource Files</Filter>
    </None>
    <None Include="res\H_NW.CUR">
      <Filter>Resource Files</Filter>
    </None>
    <None Include="res\H_POINT.CUR">
      <Filter>Resource Files</Filter>
    </None>
    <None Include="res\H_WE.CUR">
      <Filter>Resource Files</Filter>
    </None>
    <None Include="res\HO_SIZEB.CUR">
      <Filter>Resource Files</Filter>
    </None>
    <None Include="res\Margin.cur">
      <Filter>Resource Files</Filter>
    </None>
    <None Include="GP_Term.reg" />
  </ItemGroup>
  <ItemGroup>
    <Midl Include="GP_Term.odl">
      <Filter>Source Files</Filter>
    </Midl>
  </ItemGroup>
  <ItemGroup>
    <ResourceCompile Include="GP_Term.rc">
      <Filter>Source Files</Filter>
    </ResourceCompile>
  </ItemGroup>
  <ItemGroup>
    <ClInclude Include="scintilla\Accessor.h">
      <Filter>Header Files</Filter>
    </ClInclude>
    <ClInclude Include="scintilla\AutoComplete.h">
      <Filter>Header Files</Filter>
    </ClInclude>
    <ClInclude Include="AutoSizing.h">
      <Filter>Header Files</Filter>
    </ClInclude>
    <ClInclude Include="BitmapPlus.h">
      <Filter>Header Files</Filter>
    </ClInclude>
    <ClInclude Include="BrushExt.h">
      <Filter>Header Files</Filter>
    </ClInclude>
    <ClInclude Include="BrushPlus.h">
      <Filter>Header Files</Filter>
    </ClInclude>
    <ClInclude Include="scintilla\CallTip.h">
      <Filter>Header Files</Filter>
    </ClInclude>
    <ClInclude Include="scintilla\CellBuffer.h">
      <Filter>Header Files</Filter>
    </ClInclude>
    <ClInclude Include="scintilla\CharacterSet.h">
      <Filter>Header Files</Filter>
    </ClInclude>
    <ClInclude Include="scintilla\CharClassify.h">
      <Filter>Header Files</Filter>
    </ClInclude>
    <ClInclude Include="CntrItem.h">
      <Filter>Header Files</Filter>
    </ClInclude>
    <ClInclude Include="COMImport.h">
      <Filter>Header Files</Filter>
    </ClInclude>
    <ClInclude Include="ComPortSetings.h">
      <Filter>Header Files</Filter>
    </ClInclude>
    <ClInclude Include="COMServer.h">
      <Filter>Header Files</Filter>
    </ClInclude>
    <ClInclude Include="Connector.h">
      <Filter>Header Files</Filter>
    </ClInclude>
    <ClInclude Include="scintilla\ContractionState.h">
      <Filter>Header Files</Filter>
    </ClInclude>
    <ClInclude Include="scintilla\Decoration.h">
      <Filter>Header Files</Filter>
    </ClInclude>
    <ClInclude Include="DldTermcapVideo.h">
      <Filter>Header Files</Filter>
    </ClInclude>
    <ClInclude Include="Dlg_OLESet.h">
      <Filter>Header Files</Filter>
    </ClInclude>
    <ClInclude Include="DlgClienFiles.h">
      <Filter>Header Files</Filter>
    </ClInclude>
    <ClInclude Include="DlgCodeco.h">
      <Filter>Header Files</Filter>
    </ClInclude>
    <ClInclude Include="DlgContextMenu.h">
      <Filter>Header Files</Filter>
    </ClInclude>
    <ClInclude Include="DlgCreateImageList.h">
      <Filter>Header Files</Filter>
    </ClInclude>
    <ClInclude Include="DlgDelimiters.h">
      <Filter>Header Files</Filter>
    </ClInclude>
    <ClInclude Include="DlgDrawEdit.h">
      <Filter>Header Files</Filter>
    </ClInclude>
    <ClInclude Include="DlgDumpSettings.h">
      <Filter>Header Files</Filter>
    </ClInclude>
    <ClInclude Include="DlgEditKeywords.h">
      <Filter>Header Files</Filter>
    </ClInclude>
    <ClInclude Include="DlgEditorColor.h">
      <Filter>Header Files</Filter>
    </ClInclude>
    <ClInclude Include="DlgEditorPrintSetup.h">
      <Filter>Header Files</Filter>
    </ClInclude>
    <ClInclude Include="DlgErrors.h">
      <Filter>Header Files</Filter>
    </ClInclude>
    <ClInclude Include="DlgFileItemName.h">
      <Filter>Header Files</Filter>
    </ClInclude>
    <ClInclude Include="DlgFontSet.h">
      <Filter>Header Files</Filter>
    </ClInclude>
    <ClInclude Include="DlgGPScintillaFind.h">
      <Filter>Header Files</Filter>
    </ClInclude>
    <ClInclude Include="DlgGraphCode.h">
      <Filter>Header Files</Filter>
    </ClInclude>
    <ClInclude Include="DlgGUISet.h">
      <Filter>Header Files</Filter>
    </ClInclude>
    <ClInclude Include="DlgImageList.h">
      <Filter>Header Files</Filter>
    </ClInclude>
    <ClInclude Include="DlgImageMask.h">
      <Filter>Header Files</Filter>
    </ClInclude>
    <ClInclude Include="DlgInitComObject.h">
      <Filter>Header Files</Filter>
    </ClInclude>
    <ClInclude Include="DlgKeyEditor.h">
      <Filter>Header Files</Filter>
    </ClInclude>
    <ClInclude Include="DlgLogin.h">
      <Filter>Header Files</Filter>
    </ClInclude>
    <ClInclude Include="DlgMethods.h">
      <Filter>Header Files</Filter>
    </ClInclude>
    <ClInclude Include="DlgNewSession.h">
      <Filter>Header Files</Filter>
    </ClInclude>
    <ClInclude Include="DlgNewSpr.h">
      <Filter>Header Files</Filter>
    </ClInclude>
    <ClInclude Include="DlgNotepadSet.h">
      <Filter>Header Files</Filter>
    </ClInclude>
    <ClInclude Include="DlgRegister.h">
      <Filter>Header Files</Filter>
    </ClInclude>
    <ClInclude Include="DlgScreenSize.h">
      <Filter>Header Files</Filter>
    </ClInclude>
    <ClInclude Include="DlgSeparateView.h">
      <Filter>Header Files</Filter>
    </ClInclude>
    <ClInclude Include="DlgSeparateViewInFrame.h">
      <Filter>Header Files</Filter>
    </ClInclude>
    <ClInclude Include="DlgSetupSSH.h">
      <Filter>Header Files</Filter>
    </ClInclude>
    <ClInclude Include="DlgStatistics.h">
      <Filter>Header Files</Filter>
    </ClInclude>
    <ClInclude Include="DlgTermcap.h">
      <Filter>Header Files</Filter>
    </ClInclude>
    <ClInclude Include="DlgTermcapEsc.h">
      <Filter>Header Files</Filter>
    </ClInclude>
    <ClInclude Include="DlgTermcapEscLine.h">
      <Filter>Header Files</Filter>
    </ClInclude>
    <ClInclude Include="DlgTermcapKbd.h">
      <Filter>Header Files</Filter>
    </ClInclude>
    <ClInclude Include="DlgTermcapTerminal.h">
      <Filter>Header Files</Filter>
    </ClInclude>
    <ClInclude Include="DlgTermSet.h">
      <Filter>Header Files</Filter>
    </ClInclude>
    <ClInclude Include="DlgViewContextMenuMethods.h">
      <Filter>Header Files</Filter>
    </ClInclude>
    <ClInclude Include="DlgViewFSMethods.h">
      <Filter>Header Files</Filter>
    </ClInclude>
    <ClInclude Include="DlgViewInput.h">
      <Filter>Header Files</Filter>
    </ClInclude>
    <ClInclude Include="DlgViewInputAll.h">
      <Filter>Header Files</Filter>
    </ClInclude>
    <ClInclude Include="DlgViewInputSet.h">
      <Filter>Header Files</Filter>
    </ClInclude>
    <ClInclude Include="DlgViewIOFiles.h">
      <Filter>Header Files</Filter>
    </ClInclude>
    <ClInclude Include="DlgViewItem.h">
      <Filter>Header Files</Filter>
    </ClInclude>
    <ClInclude Include="DlgViewOutput.h">
      <Filter>Header Files</Filter>
    </ClInclude>
    <ClInclude Include="DlgViewOutputSet.h">
      <Filter>Header Files</Filter>
    </ClInclude>
    <ClInclude Include="DlgViewRegMethods.h">
      <Filter>Header Files</Filter>
    </ClInclude>
    <ClInclude Include="DlgViewSystemMethods.h">
      <Filter>Header Files</Filter>
    </ClInclude>
    <ClInclude Include="DllImport.h">
      <Filter>Header Files</Filter>
    </ClInclude>
    <ClInclude Include="DllServer.h">
      <Filter>Header Files</Filter>
    </ClInclude>
    <ClInclude Include="scintilla\Document.h">
      <Filter>Header Files</Filter>
    </ClInclude>
    <ClInclude Include="scintilla\DocumentAccessor.h">
      <Filter>Header Files</Filter>
    </ClInclude>
    <ClInclude Include="scintilla\Editor.h">
      <Filter>Header Files</Filter>
    </ClInclude>
    <ClInclude Include="EditorPrintSettings.h">
      <Filter>Header Files</Filter>
    </ClInclude>
    <ClInclude Include="ErrReport.h">
      <Filter>Header Files</Filter>
    </ClInclude>
    <ClInclude Include="excel8.h">
      <Filter>Header Files</Filter>
    </ClInclude>
    <ClInclude Include="scintilla\ExternalLexer.h">
      <Filter>Header Files</Filter>
    </ClInclude>
    <ClInclude Include="FilterArray.h">
      <Filter>Header Files</Filter>
    </ClInclude>
    <ClInclude Include="FontExt.h">
      <Filter>Header Files</Filter>
    </ClInclude>
    <ClInclude Include="FontPlus.h">
      <Filter>Header Files</Filter>
    </ClInclude>
    <ClInclude Include="GP_AutoSizing.h">
      <Filter>Header Files</Filter>
    </ClInclude>
    <ClInclude Include="GP_comm.h">
      <Filter>Header Files</Filter>
    </ClInclude>
    <ClInclude Include="GP_Control.h">
      <Filter>Header Files</Filter>
    </ClInclude>
    <ClInclude Include="GP_DlgSetting.h">
      <Filter>Header Files</Filter>
    </ClInclude>
    <ClInclude Include="GP_File.h">
      <Filter>Header Files</Filter>
    </ClInclude>
    <ClInclude Include="GP_HotKey.h">
      <Filter>Header Files</Filter>
    </ClInclude>
    <ClInclude Include="GP_QScroll.h">
      <Filter>Header Files</Filter>
    </ClInclude>
    <ClInclude Include="GP_QSort.h">
      <Filter>Header Files</Filter>
    </ClInclude>
    <ClInclude Include="GP_RarefiedArr.h">
      <Filter>Header Files</Filter>
    </ClInclude>
    <ClInclude Include="GP_RTF.h">
      <Filter>Header Files</Filter>
    </ClInclude>
    <ClInclude Include="GP_Term.h">
      <Filter>Header Files</Filter>
    </ClInclude>
    <ClInclude Include="GP_TermDoc.h">
      <Filter>Header Files</Filter>
    </ClInclude>
    <ClInclude Include="GP_TermView.h">
      <Filter>Header Files</Filter>
    </ClInclude>
    <ClInclude Include="GPAdmIsOn.h">
      <Filter>Header Files</Filter>
    </ClInclude>
    <ClInclude Include="GPAniButton.h">
      <Filter>Header Files</Filter>
    </ClInclude>
    <ClInclude Include="GPAnimate.h">
      <Filter>Header Files</Filter>
    </ClInclude>
    <ClInclude Include="GPAniStatic.h">
      <Filter>Header Files</Filter>
    </ClInclude>
    <ClInclude Include="GPAsyncSocket.h">
      <Filter>Header Files</Filter>
    </ClInclude>
    <ClInclude Include="GPBButton.h">
      <Filter>Header Files</Filter>
    </ClInclude>
    <ClInclude Include="GPButton.h">
      <Filter>Header Files</Filter>
    </ClInclude>
    <ClInclude Include="GPCDAODatabase.h">
      <Filter>Header Files</Filter>
    </ClInclude>
    <ClInclude Include="GPCDAOQueryDef.h">
      <Filter>Header Files</Filter>
    </ClInclude>
    <ClInclude Include="GPCDAORecordset.h">
      <Filter>Header Files</Filter>
    </ClInclude>
    <ClInclude Include="GPCDAOTableDef.h">
      <Filter>Header Files</Filter>
    </ClInclude>
    <ClInclude Include="GPCDAOWorkspace.h">
      <Filter>Header Files</Filter>
    </ClInclude>
    <ClInclude Include="GPCDatabase.h">
      <Filter>Header Files</Filter>
    </ClInclude>
    <ClInclude Include="GPChLBox.h">
      <Filter>Header Files</Filter>
    </ClInclude>
    <ClInclude Include="GPColorDlg.h">
      <Filter>Header Files</Filter>
    </ClInclude>
    <ClInclude Include="GPComboBox.h">
      <Filter>Header Files</Filter>
    </ClInclude>
    <ClInclude Include="GPComboBoxEx.h">
      <Filter>Header Files</Filter>
    </ClInclude>
    <ClInclude Include="GPCommonColorDlg.h">
      <Filter>Header Files</Filter>
    </ClInclude>
    <ClInclude Include="GPCommonFontDlg.h">
      <Filter>Header Files</Filter>
    </ClInclude>
    <ClInclude Include="GPContainer.h">
      <Filter>Header Files</Filter>
    </ClInclude>
    <ClInclude Include="GPContextMenu.h">
      <Filter>Header Files</Filter>
    </ClInclude>
    <ClInclude Include="GPCRecordset.h">
      <Filter>Header Files</Filter>
    </ClInclude>
    <ClInclude Include="GPCurrent.h">
      <Filter>Header Files</Filter>
    </ClInclude>
    <ClInclude Include="GPCursor.h">
      <Filter>Header Files</Filter>
    </ClInclude>
    <ClInclude Include="GPCursorArr.h">
      <Filter>Header Files</Filter>
    </ClInclude>
    <ClInclude Include="GPDateTimeCtrl.h">
      <Filter>Header Files</Filter>
    </ClInclude>
    <ClInclude Include="GPDialogBar.h">
      <Filter>Header Files</Filter>
    </ClInclude>
    <ClInclude Include="GPDlgBar.h">
      <Filter>Header Files</Filter>
    </ClInclude>
    <ClInclude Include="GPDlgCommtype.h">
      <Filter>Header Files</Filter>
    </ClInclude>
    <ClInclude Include="GPDlgDebug.h">
      <Filter>Header Files</Filter>
    </ClInclude>
    <ClInclude Include="GPDlgFindReplace.h">
      <Filter>Header Files</Filter>
    </ClInclude>
    <ClInclude Include="GPDlgNewValue.h">
      <Filter>Header Files</Filter>
    </ClInclude>
    <ClInclude Include="GPDlgPageSetup.h">
      <Filter>Header Files</Filter>
    </ClInclude>
    <ClInclude Include="GPDlgTelnetSet.h">
      <Filter>Header Files</Filter>
    </ClInclude>
    <ClInclude Include="GPDlgViewMPVar.h">
      <Filter>Header Files</Filter>
    </ClInclude>
    <ClInclude Include="GPDlgViewSpr.h">
      <Filter>Header Files</Filter>
    </ClInclude>
    <ClInclude Include="GPDlgViewSTable.h">
      <Filter>Header Files</Filter>
    </ClInclude>
    <ClInclude Include="GPDrawWnd.h">
      <Filter>Header Files</Filter>
    </ClInclude>
    <ClInclude Include="GPDrLBox.h">
      <Filter>Header Files</Filter>
    </ClInclude>
    <ClInclude Include="GPEdit.h">
      <Filter>Header Files</Filter>
    </ClInclude>
    <ClInclude Include="GPExcel.h">
      <Filter>Header Files</Filter>
    </ClInclude>
    <ClInclude Include="GPFont.h">
      <Filter>Header Files</Filter>
    </ClInclude>
    <ClInclude Include="GPFontList.h">
      <Filter>Header Files</Filter>
    </ClInclude>
    <ClInclude Include="GPFrameBar.h">
      <Filter>Header Files</Filter>
    </ClInclude>
    <ClInclude Include="GPFrameWnd.h">
      <Filter>Header Files</Filter>
    </ClInclude>
    <ClInclude Include="GPHandleArray.h">
      <Filter>Header Files</Filter>
    </ClInclude>
    <ClInclude Include="GPHeader.h">
      <Filter>Header Files</Filter>
    </ClInclude>
    <ClInclude Include="GPHTMLDocument.h">
      <Filter>Header Files</Filter>
    </ClInclude>
    <ClInclude Include="GPImageList.h">
      <Filter>Header Files</Filter>
    </ClInclude>
    <ClInclude Include="GPInputPool.h">
      <Filter>Header Files</Filter>
    </ClInclude>
    <ClInclude Include="GPIOFile.h">
      <Filter>Header Files</Filter>
    </ClInclude>
    <ClInclude Include="GPIOFileArray.h">
      <Filter>Header Files</Filter>
    </ClInclude>
    <ClInclude Include="GPListBox.h">
      <Filter>Header Files</Filter>
    </ClInclude>
    <ClInclude Include="GPListCtr.h">
      <Filter>Header Files</Filter>
    </ClInclude>
    <ClInclude Include="GPMenu.h">
      <Filter>Header Files</Filter>
    </ClInclude>
    <ClInclude Include="GPMessage.h">
      <Filter>Header Files</Filter>
    </ClInclude>
    <ClInclude Include="GPMonthCalCtrl.h">
      <Filter>Header Files</Filter>
    </ClInclude>
    <ClInclude Include="gpmsflexgrid.h">
      <Filter>Header Files</Filter>
    </ClInclude>
    <ClInclude Include="GPNotifyEdit.h">
      <Filter>Header Files</Filter>
    </ClInclude>
    <ClInclude Include="GPObjDialog.h">
      <Filter>Header Files</Filter>
    </ClInclude>
    <ClInclude Include="GPODBC_Database.h">
      <Filter>Header Files</Filter>
    </ClInclude>
    <ClInclude Include="GPOleDispatchDriver.h">
      <Filter>Header Files</Filter>
    </ClInclude>
    <ClInclude Include="GPOLEExcel1.h">
      <Filter>Header Files</Filter>
    </ClInclude>
    <ClInclude Include="gpolefont.h">
      <Filter>Header Files</Filter>
    </ClInclude>
    <ClInclude Include="GPOLERange.h">
      <Filter>Header Files</Filter>
    </ClInclude>
    <ClInclude Include="gppicture.h">
      <Filter>Header Files</Filter>
    </ClInclude>
    <ClInclude Include="GPProgress.h">
      <Filter>Header Files</Filter>
    </ClInclude>
    <ClInclude Include="GPReBar.h">
      <Filter>Header Files</Filter>
    </ClInclude>
    <ClInclude Include="GPReBarCtrl.h">
      <Filter>Header Files</Filter>
    </ClInclude>
    <ClInclude Include="GPRegion.h">
      <Filter>Header Files</Filter>
    </ClInclude>
    <ClInclude Include="GPRegionArr.h">
      <Filter>Header Files</Filter>
    </ClInclude>
    <ClInclude Include="gprowcursor.h">
      <Filter>Header Files</Filter>
    </ClInclude>
    <ClInclude Include="GPScintilla.h">
      <Filter>Header Files</Filter>
    </ClInclude>
    <ClInclude Include="GPScreen.h">
      <Filter>Header Files</Filter>
    </ClInclude>
    <ClInclude Include="GPScript.h">
      <Filter>Header Files</Filter>
    </ClInclude>
    <ClInclude Include="GPScrollBar.h">
      <Filter>Header Files</Filter>
    </ClInclude>
    <ClInclude Include="GPScroller.h">
      <Filter>Header Files</Filter>
    </ClInclude>
    <ClInclude Include="GPSlider.h">
      <Filter>Header Files</Filter>
    </ClInclude>
    <ClInclude Include="GPSpinButton.h">
      <Filter>Header Files</Filter>
    </ClInclude>
    <ClInclude Include="GPSpr.h">
      <Filter>Header Files</Filter>
    </ClInclude>
    <ClInclude Include="GPSprArray.h">
      <Filter>Header Files</Filter>
    </ClInclude>
    <ClInclude Include="GPStatic.h">
      <Filter>Header Files</Filter>
    </ClInclude>
    <ClInclude Include="GPStatusBar.h">
      <Filter>Header Files</Filter>
    </ClInclude>
    <ClInclude Include="GPStatusBarCtrl.h">
      <Filter>Header Files</Filter>
    </ClInclude>
    <ClInclude Include="GPTabCtrl.h">
      <Filter>Header Files</Filter>
    </ClInclude>
    <ClInclude Include="GPTextArray.h">
      <Filter>Header Files</Filter>
    </ClInclude>
    <ClInclude Include="GPTInterface.h">
      <Filter>Header Files</Filter>
    </ClInclude>
    <ClInclude Include="GPToolBar.h">
      <Filter>Header Files</Filter>
    </ClInclude>
    <ClInclude Include="GPToolBarCtrl.h">
      <Filter>Header Files</Filter>
    </ClInclude>
    <ClInclude Include="GPToolTipCtrl.h">
      <Filter>Header Files</Filter>
    </ClInclude>
    <ClInclude Include="GPTree.h">
      <Filter>Header Files</Filter>
    </ClInclude>
    <ClInclude Include="GPTwain.h">
      <Filter>Header Files</Filter>
    </ClInclude>
    <ClInclude Include="GPUnit.h">
      <Filter>Header Files</Filter>
    </ClInclude>
    <ClInclude Include="GPViewInput.h">
      <Filter>Header Files</Filter>
    </ClInclude>
    <ClInclude Include="GPViewOutput.h">
      <Filter>Header Files</Filter>
    </ClInclude>
    <ClInclude Include="GPwebbrowser2.h">
      <Filter>Header Files</Filter>
    </ClInclude>
    <ClInclude Include="GPWebBrowser2Sink.h">
      <Filter>Header Files</Filter>
    </ClInclude>
    <ClInclude Include="GPWindow.h">
      <Filter>Header Files</Filter>
    </ClInclude>
    <ClInclude Include="GPWndPropertyArray.h">
      <Filter>Header Files</Filter>
    </ClInclude>
    <ClInclude Include="GPWndPropertyArrayItem.h">
      <Filter>Header Files</Filter>
    </ClInclude>
    <ClInclude Include="GPWndSizer.h">
      <Filter>Header Files</Filter>
    </ClInclude>
    <ClInclude Include="GPWndSizerArr.h">
      <Filter>Header Files</Filter>
    </ClInclude>
    <ClInclude Include="GraphicsPathPlus.h">
      <Filter>Header Files</Filter>
    </ClInclude>
    <ClInclude Include="scintilla\Indicator.h">
      <Filter>Header Files</Filter>
    </ClInclude>
    <ClInclude Include="IpFrame.h">
      <Filter>Header Files</Filter>
    </ClInclude>
    <ClInclude Include="scintilla\KeyMap.h">
      <Filter>Header Files</Filter>
    </ClInclude>
    <ClInclude Include="scintilla\KeyWords.h">
      <Filter>Header Files</Filter>
    </ClInclude>
    <ClInclude Include="scintilla\LineMarker.h">
      <Filter>Header Files</Filter>
    </ClInclude>
    <ClInclude Include="ListMaker.h">
      <Filter>Header Files</Filter>
    </ClInclude>
    <ClInclude Include="MainFrm.h">
      <Filter>Header Files</Filter>
    </ClInclude>
    <ClInclude Include="MatrixPlus.h">
      <Filter>Header Files</Filter>
    </ClInclude>
    <ClInclude Include="MemUtils.h">
      <Filter>Header Files</Filter>
    </ClInclude>
    <ClInclude Include="MenuCustom.h">
      <Filter>Header Files</Filter>
    </ClInclude>
    <ClInclude Include="ssh\MISC.H">
      <Filter>Header Files</Filter>
    </ClInclude>
    <ClInclude Include="MSFlexGridSink.h">
      <Filter>Header Files</Filter>
    </ClInclude>
    <ClInclude Include="MyGDIPlus.h">
      <Filter>Header Files</Filter>
    </ClInclude>
    <ClInclude Include="ObjectGroupsArray.h">
      <Filter>Header Files</Filter>
    </ClInclude>
    <ClInclude Include="ODBCRecordset.h">
      <Filter>Header Files</Filter>
    </ClInclude>
    <ClInclude Include="ODContext.h">
      <Filter>Header Files</Filter>
    </ClInclude>
    <ClInclude Include="ODContextArray.h">
      <Filter>Header Files</Filter>
    </ClInclude>
    <ClInclude Include="ODContextItem.h">
      <Filter>Header Files</Filter>
    </ClInclude>
    <ClInclude Include="scintilla\Partitioning.h">
      <Filter>Header Files</Filter>
    </ClInclude>
    <ClInclude Include="PenExt.h">
      <Filter>Header Files</Filter>
    </ClInclude>
    <ClInclude Include="PenPlus.h">
      <Filter>Header Files</Filter>
    </ClInclude>
    <ClInclude Include="scintilla\Platform.h">
      <Filter>Header Files</Filter>
    </ClInclude>
    <ClInclude Include="scintilla\PlatformRes.h">
      <Filter>Header Files</Filter>
    </ClInclude>
    <ClInclude Include="scintilla\PositionCache.h">
      <Filter>Header Files</Filter>
    </ClInclude>
    <ClInclude Include="ProcMonitor.h">
      <Filter>Header Files</Filter>
    </ClInclude>
    <ClInclude Include="ProgressDialog.h">
      <Filter>Header Files</Filter>
    </ClInclude>
    <ClInclude Include="scintilla\PropSet.h">
      <Filter>Header Files</Filter>
    </ClInclude>
    <ClInclude Include="scintilla\RESearch.h">
      <Filter>Header Files</Filter>
    </ClInclude>
    <ClInclude Include="RgnExt.h">
      <Filter>Header Files</Filter>
    </ClInclude>
    <ClInclude Include="RgnPlus.h">
      <Filter>Header Files</Filter>
    </ClInclude>
    <ClInclude Include="scintilla\RunStyles.h">
      <Filter>Header Files</Filter>
    </ClInclude>
    <ClInclude Include="scintilla\SciLexer.h">
      <Filter>Header Files</Filter>
    </ClInclude>
    <ClInclude Include="scintilla\Scintilla.h">
      <Filter>Header Files</Filter>
    </ClInclude>
    <ClInclude Include="scintilla\ScintillaBase.h">
      <Filter>Header Files</Filter>
    </ClInclude>
    <ClInclude Include="scintilla\ScintillaWidget.h">
      <Filter>Header Files</Filter>
    </ClInclude>
    <ClInclude Include="scintilla\ScintillaWin.h">
      <Filter>Header Files</Filter>
    </ClInclude>
    <ClInclude Include="SendPickFlProgress.h">
      <Filter>Header Files</Filter>
    </ClInclude>
    <ClInclude Include="Splash.h">
      <Filter>Header Files</Filter>
    </ClInclude>
    <ClInclude Include="scintilla\SplitVector.h">
      <Filter>Header Files</Filter>
    </ClInclude>
    <ClInclude Include="SrvrItem.h">
      <Filter>Header Files</Filter>
    </ClInclude>
    <ClInclude Include="scintilla\SString.h">
      <Filter>Header Files</Filter>
    </ClInclude>
    <ClInclude Include="StdAfx.h">
      <Filter>Header Files</Filter>
    </ClInclude>
    <ClInclude Include="StringFormatPlus.h">
      <Filter>Header Files</Filter>
    </ClInclude>
    <ClInclude Include="scintilla\Style.h">
      <Filter>Header Files</Filter>
    </ClInclude>
    <ClInclude Include="scintilla\StyleContext.h">
      <Filter>Header Files</Filter>
    </ClInclude>
    <ClInclude Include="scintilla\SVector.h">
      <Filter>Header Files</Filter>
    </ClInclude>
    <ClInclude Include="TableDataContainer.h">
      <Filter>Header Files</Filter>
    </ClInclude>
    <ClInclude Include="TableDataContainerItem.h">
      <Filter>Header Files</Filter>
    </ClInclude>
    <ClInclude Include="TermCap.h">
      <Filter>Header Files</Filter>
    </ClInclude>
    <ClInclude Include="TwainCpp.h">
      <Filter>Header Files</Filter>
    </ClInclude>
    <ClInclude Include="scintilla\UniConversion.h">
      <Filter>Header Files</Filter>
    </ClInclude>
    <ClInclude Include="UniSocket.h">
      <Filter>Header Files</Filter>
    </ClInclude>
    <ClInclude Include="scintilla\ViewStyle.h">
      <Filter>Header Files</Filter>
    </ClInclude>
    <ClInclude Include="scintilla\WindowAccessor.h">
      <Filter>Header Files</Filter>
    </ClInclude>
    <ClInclude Include="WndPrint.h">
      <Filter>Header Files</Filter>
    </ClInclude>
    <ClInclude Include="scintilla\XPM.h">
      <Filter>Header Files</Filter>
    </ClInclude>
  </ItemGroup>
  <ItemGroup>
    <Image Include="res\AUDIO0.ico">
      <Filter>Resource Files</Filter>
    </Image>
    <Image Include="res\AUDIO1.ico">
      <Filter>Resource Files</Filter>
    </Image>
    <Image Include="res\briz.bmp">
      <Filter>Resource Files</Filter>
    </Image>
    <Image Include="res\DevToolBar.bmp">
      <Filter>Resource Files</Filter>
    </Image>
    <Image Include="res\DevToolBar256.bmp">
      <Filter>Resource Files</Filter>
    </Image>
    <Image Include="res\GP_TermDoc.ico">
      <Filter>Resource Files</Filter>
    </Image>
    <Image Include="res\ico00003.ico">
      <Filter>Resource Files</Filter>
    </Image>
    <Image Include="res\ico00003warn.ico">
      <Filter>Resource Files</Filter>
    </Image>
    <Image Include="res\icon1.ico">
      <Filter>Resource Files</Filter>
    </Image>
    <Image Include="res\idr_main.ico">
      <Filter>Resource Files</Filter>
    </Image>
    <Image Include="res\idr_mainwarn.ico">
      <Filter>Resource Files</Filter>
    </Image>
    <Image Include="res\IToolbar.bmp">
      <Filter>Resource Files</Filter>
    </Image>
    <Image Include="res\mainfram.bmp">
      <Filter>Resource Files</Filter>
    </Image>
    <Image Include="res\SepView256.bmp">
      <Filter>Resource Files</Filter>
    </Image>
    <Image Include="res\SepViewDis256.bmp">
      <Filter>Resource Files</Filter>
    </Image>
    <Image Include="res\Splsh16.bmp">
      <Filter>Resource Files</Filter>
    </Image>
    <Image Include="res\Toolbar.bmp">
      <Filter>Resource Files</Filter>
    </Image>
    <Image Include="res\Toolbar256.bmp">
      <Filter>Resource Files</Filter>
    </Image>
  </ItemGroup>
  <ItemGroup>
    <Text Include="LexerColors.txt" />
    <Text Include="LexKeywords.txt" />
    <Text Include="termcap.txt" />
    <Text Include="Text1.txt" />
    <Text Include="Выполненные доработки.txt" />
    <Text Include="план доработки.txt" />
  </ItemGroup>
  <ItemGroup>
    <CustomBuild Include="hlp\GP_Term.hpj">
      <Filter>Source Files</Filter>
    </CustomBuild>
    <CustomBuild Include="Resource.h">
      <Filter>Header Files</Filter>
    </CustomBuild>
    <CustomBuild Include="hlp\AfxCore.rtf">
      <Filter>Help Files</Filter>
    </CustomBuild>
    <CustomBuild Include="hlp\AfxOleCl.rtf">
      <Filter>Help Files</Filter>
    </CustomBuild>
    <CustomBuild Include="hlp\AfxOleSv.rtf">
      <Filter>Help Files</Filter>
    </CustomBuild>
    <CustomBuild Include="hlp\AfxPrint.rtf">
      <Filter>Help Files</Filter>
    </CustomBuild>
    <CustomBuild Include="hlp\AppExit.bmp">
      <Filter>Help Files</Filter>
    </CustomBuild>
    <CustomBuild Include="hlp\Bullet.bmp">
      <Filter>Help Files</Filter>
    </CustomBuild>
    <CustomBuild Include="hlp\CurArw2.bmp">
      <Filter>Help Files</Filter>
    </CustomBuild>
    <CustomBuild Include="hlp\CurArw4.bmp">
      <Filter>Help Files</Filter>
    </CustomBuild>
    <CustomBuild Include="hlp\CurHelp.bmp">
      <Filter>Help Files</Filter>
    </CustomBuild>
    <CustomBuild Include="hlp\EditCopy.bmp">
      <Filter>Help Files</Filter>
    </CustomBuild>
    <CustomBuild Include="hlp\EditCut.bmp">
      <Filter>Help Files</Filter>
    </CustomBuild>
    <CustomBuild Include="hlp\EditPast.bmp">
      <Filter>Help Files</Filter>
    </CustomBuild>
    <CustomBuild Include="hlp\EditUndo.bmp">
      <Filter>Help Files</Filter>
    </CustomBuild>
    <CustomBuild Include="hlp\FileNew.bmp">
      <Filter>Help Files</Filter>
    </CustomBuild>
    <CustomBuild Include="hlp\FileOpen.bmp">
      <Filter>Help Files</Filter>
    </CustomBuild>
    <CustomBuild Include="hlp\FilePrnt.bmp">
      <Filter>Help Files</Filter>
    </CustomBuild>
    <CustomBuild Include="hlp\FileSave.bmp">
      <Filter>Help Files</Filter>
    </CustomBuild>
    <CustomBuild Include="hlp\GP_Term.cnt">
      <Filter>Help Files</Filter>
    </CustomBuild>
    <CustomBuild Include="hlp\HlpSBar.bmp">
      <Filter>Help Files</Filter>
    </CustomBuild>
    <CustomBuild Include="hlp\HlpTBar.bmp">
      <Filter>Help Files</Filter>
    </CustomBuild>
    <CustomBuild Include="hlp\RecFirst.bmp">
      <Filter>Help Files</Filter>
    </CustomBuild>
    <CustomBuild Include="hlp\RecLast.bmp">
      <Filter>Help Files</Filter>
    </CustomBuild>
    <CustomBuild Include="hlp\RecNext.bmp">
      <Filter>Help Files</Filter>
    </CustomBuild>
    <CustomBuild Include="hlp\RecPrev.bmp">
      <Filter>Help Files</Filter>
    </CustomBuild>
    <CustomBuild Include="hlp\Scmax.bmp">
      <Filter>Help Files</Filter>
    </CustomBuild>
    <CustomBuild Include="hlp\ScMenu.bmp">
      <Filter>Help Files</Filter>
    </CustomBuild>
    <CustomBuild Include="hlp\Scmin.bmp">
      <Filter>Help Files</Filter>
    </CustomBuild>
    <CustomBuild Include="Create.ini" />
    <CustomBuild Include="ReadMe.txt" />
    <CustomBuild Include="scintilla\doc\ScintillaDoc.html" />
  </ItemGroup>
</Project>